
Microsoft Visual Studio Solution File, Format Version 12.00
# Visual Studio 15
VisualStudioVersion = 15.0.27703.2035
MinimumVisualStudioVersion = 10.0.40219.1
Project("{FAE04EC0-301F-11D3-BF4B-00C04F79EFBC}") = "FileAssortment", "FileAssortment\FileAssortment.csproj", "{3148D35C-BE1F-461F-AB53-7CE2EEF72937}"
EndProject
Global
	GlobalSection(SolutionConfigurationPlatforms) = preSolution
		Debug|Any CPU = Debug|Any CPU
		Release|Any CPU = Release|Any CPU
	EndGlobalSection
	GlobalSection(ProjectConfigurationPlatforms) = postSolution
		{3148D35C-BE1F-461F-AB53-7CE2EEF72937}.Debug|Any CPU.ActiveCfg = Debug|Any CPU
		{3148D35C-BE1F-461F-AB53-7CE2EEF72937}.Debug|Any CPU.Build.0 = Debug|Any CPU
		{3148D35C-BE1F-461F-AB53-7CE2EEF72937}.Release|Any CPU.ActiveCfg = Release|Any CPU
		{3148D35C-BE1F-461F-AB53-7CE2EEF72937}.Release|Any CPU.Build.0 = Release|Any CPU
	EndGlobalSection
	GlobalSection(SolutionProperties) = preSolution
		HideSolutionNode = FALSE
	EndGlobalSection
	GlobalSection(ExtensibilityGlobals) = postSolution
		SolutionGuid = {C2127328-E025-4703-A3DE-D2F3A07F8AD0}
	EndGlobalSection
EndGlobal
